// !$*UTF8*$!
{
	archiveVersion = 1;
	classes = {
	};
	objectVersion = 46;
	objects = {

/* Begin PBXBuildFile section */
		13FF7DF427E3BF294FF43AD6 /* Pods_SwiftyComments_Example.framework in Frameworks */ = {isa = PBXBuildFile; fileRef = E0307551E582C8EF4B6AE1FF /* Pods_SwiftyComments_Example.framework */; };
		607FACD61AFB9204008FA782 /* AppDelegate.swift in Sources */ = {isa = PBXBuildFile; fileRef = 607FACD51AFB9204008FA782 /* AppDelegate.swift */; };
		607FACD81AFB9204008FA782 /* ViewController.swift in Sources */ = {isa = PBXBuildFile; fileRef = 607FACD71AFB9204008FA782 /* ViewController.swift */; };
		607FACDD1AFB9204008FA782 /* Images.xcassets in Resources */ = {isa = PBXBuildFile; fileRef = 607FACDC1AFB9204008FA782 /* Images.xcassets */; };
		607FACE01AFB9204008FA782 /* LaunchScreen.xib in Resources */ = {isa = PBXBuildFile; fileRef = 607FACDE1AFB9204008FA782 /* LaunchScreen.xib */; };
		979B786F1F8BA31300572186 /* DemosTableViewController.swift in Sources */ = {isa = PBXBuildFile; fileRef = 979B786E1F8BA31300572186 /* DemosTableViewController.swift */; };
		979B78731F8BA56F00572186 /* SimpleCommentsViewController.swift in Sources */ = {isa = PBXBuildFile; fileRef = 979B78711F8BA56F00572186 /* SimpleCommentsViewController.swift */; };
		979B78741F8BA56F00572186 /* SimpleCommentCell.swift in Sources */ = {isa = PBXBuildFile; fileRef = 979B78721F8BA56F00572186 /* SimpleCommentCell.swift */; };
		979B78771F8BA66000572186 /* MockupData.swift in Sources */ = {isa = PBXBuildFile; fileRef = 979B78761F8BA66000572186 /* MockupData.swift */; };
		979B78791F8BA66F00572186 /* LoremSwiftum.swift in Sources */ = {isa = PBXBuildFile; fileRef = 979B78781F8BA66F00572186 /* LoremSwiftum.swift */; };
		979B787D1F8BA95E00572186 /* RedditCommentsViewController.swift in Sources */ = {isa = PBXBuildFile; fileRef = 979B787B1F8BA95E00572186 /* RedditCommentsViewController.swift */; };
		979B787E1F8BA95E00572186 /* RedditCommentCell.swift in Sources */ = {isa = PBXBuildFile; fileRef = 979B787C1F8BA95E00572186 /* RedditCommentCell.swift */; };
		979B78821F8BAA1200572186 /* ImgurCommentsViewController.swift in Sources */ = {isa = PBXBuildFile; fileRef = 979B78801F8BAA1200572186 /* ImgurCommentsViewController.swift */; };
		979B78831F8BAA1200572186 /* ImgurCommentCell.swift in Sources */ = {isa = PBXBuildFile; fileRef = 979B78811F8BAA1200572186 /* ImgurCommentCell.swift */; };
		97CBFA141F8CC3F5008C79DC /* HNCommentContentParser.swift in Sources */ = {isa = PBXBuildFile; fileRef = 97CBFA131F8CC3F5008C79DC /* HNCommentContentParser.swift */; };
		97CBFA161F8CC3FC008C79DC /* HNCommentsViewController.swift in Sources */ = {isa = PBXBuildFile; fileRef = 97CBFA151F8CC3FC008C79DC /* HNCommentsViewController.swift */; };
		97CBFA191F8CC50B008C79DC /* HNCommentCell.swift in Sources */ = {isa = PBXBuildFile; fileRef = 97CBFA181F8CC50B008C79DC /* HNCommentCell.swift */; };
/* End PBXBuildFile section */

/* Begin PBXFileReference section */
		1CC498939563D62229064CAC /* Pods-SwiftyComments_Example.release.xcconfig */ = {isa = PBXFileReference; includeInIndex = 1; lastKnownFileType = text.xcconfig; name = "Pods-SwiftyComments_Example.release.xcconfig"; path = "Pods/Target Support Files/Pods-SwiftyComments_Example/Pods-SwiftyComments_Example.release.xcconfig"; sourceTree = "<group>"; };
		3AFAAE3085DB5675D4B28EB1 /* SwiftyComments.podspec */ = {isa = PBXFileReference; includeInIndex = 1; lastKnownFileType = text; name = SwiftyComments.podspec; path = ../SwiftyComments.podspec; sourceTree = "<group>"; xcLanguageSpecificationIdentifier = xcode.lang.ruby; };
		538BD62B34BBE6E18F325CCA /* LICENSE */ = {isa = PBXFileReference; includeInIndex = 1; lastKnownFileType = text; name = LICENSE; path = ../LICENSE; sourceTree = "<group>"; };
		607FACD01AFB9204008FA782 /* SwiftyComments_Example.app */ = {isa = PBXFileReference; explicitFileType = wrapper.application; includeInIndex = 0; path = SwiftyComments_Example.app; sourceTree = BUILT_PRODUCTS_DIR; };
		607FACD41AFB9204008FA782 /* Info.plist */ = {isa = PBXFileReference; lastKnownFileType = text.plist.xml; path = Info.plist; sourceTree = "<group>"; };
		607FACD51AFB9204008FA782 /* AppDelegate.swift */ = {isa = PBXFileReference; lastKnownFileType = sourcecode.swift; path = AppDelegate.swift; sourceTree = "<group>"; };
		607FACD71AFB9204008FA782 /* ViewController.swift */ = {isa = PBXFileReference; lastKnownFileType = sourcecode.swift; path = ViewController.swift; sourceTree = "<group>"; };
		607FACDC1AFB9204008FA782 /* Images.xcassets */ = {isa = PBXFileReference; lastKnownFileType = folder.assetcatalog; path = Images.xcassets; sourceTree = "<group>"; };
		607FACDF1AFB9204008FA782 /* Base */ = {isa = PBXFileReference; lastKnownFileType = file.xib; name = Base; path = Base.lproj/LaunchScreen.xib; sourceTree = "<group>"; };
		979B786E1F8BA31300572186 /* DemosTableViewController.swift */ = {isa = PBXFileReference; lastKnownFileType = sourcecode.swift; path = DemosTableViewController.swift; sourceTree = "<group>"; };
		979B78711F8BA56F00572186 /* SimpleCommentsViewController.swift */ = {isa = PBXFileReference; lastKnownFileType = sourcecode.swift; path = SimpleCommentsViewController.swift; sourceTree = "<group>"; };
		979B78721F8BA56F00572186 /* SimpleCommentCell.swift */ = {isa = PBXFileReference; lastKnownFileType = sourcecode.swift; path = SimpleCommentCell.swift; sourceTree = "<group>"; };
		979B78761F8BA66000572186 /* MockupData.swift */ = {isa = PBXFileReference; lastKnownFileType = sourcecode.swift; path = MockupData.swift; sourceTree = "<group>"; };
		979B78781F8BA66F00572186 /* LoremSwiftum.swift */ = {isa = PBXFileReference; lastKnownFileType = sourcecode.swift; path = LoremSwiftum.swift; sourceTree = "<group>"; };
		979B787B1F8BA95E00572186 /* RedditCommentsViewController.swift */ = {isa = PBXFileReference; lastKnownFileType = sourcecode.swift; path = RedditCommentsViewController.swift; sourceTree = "<group>"; };
		979B787C1F8BA95E00572186 /* RedditCommentCell.swift */ = {isa = PBXFileReference; lastKnownFileType = sourcecode.swift; path = RedditCommentCell.swift; sourceTree = "<group>"; };
		979B78801F8BAA1200572186 /* ImgurCommentsViewController.swift */ = {isa = PBXFileReference; lastKnownFileType = sourcecode.swift; path = ImgurCommentsViewController.swift; sourceTree = "<group>"; };
		979B78811F8BAA1200572186 /* ImgurCommentCell.swift */ = {isa = PBXFileReference; lastKnownFileType = sourcecode.swift; path = ImgurCommentCell.swift; sourceTree = "<group>"; };
		97CBFA131F8CC3F5008C79DC /* HNCommentContentParser.swift */ = {isa = PBXFileReference; lastKnownFileType = sourcecode.swift; path = HNCommentContentParser.swift; sourceTree = "<group>"; };
		97CBFA151F8CC3FC008C79DC /* HNCommentsViewController.swift */ = {isa = PBXFileReference; lastKnownFileType = sourcecode.swift; path = HNCommentsViewController.swift; sourceTree = "<group>"; };
		97CBFA181F8CC50B008C79DC /* HNCommentCell.swift */ = {isa = PBXFileReference; lastKnownFileType = sourcecode.swift; path = HNCommentCell.swift; sourceTree = "<group>"; };
		9B24187D6EE6E1D933C760BD /* Pods-SwiftyComments_Example.debug.xcconfig */ = {isa = PBXFileReference; includeInIndex = 1; lastKnownFileType = text.xcconfig; name = "Pods-SwiftyComments_Example.debug.xcconfig"; path = "Pods/Target Support Files/Pods-SwiftyComments_Example/Pods-SwiftyComments_Example.debug.xcconfig"; sourceTree = "<group>"; };
		E0307551E582C8EF4B6AE1FF /* Pods_SwiftyComments_Example.framework */ = {isa = PBXFileReference; explicitFileType = wrapper.framework; includeInIndex = 0; path = Pods_SwiftyComments_Example.framework; sourceTree = BUILT_PRODUCTS_DIR; };
		F4032F0AF9031FC5F59A1DB8 /* README.md */ = {isa = PBXFileReference; includeInIndex = 1; lastKnownFileType = net.daringfireball.markdown; name = README.md; path = ../README.md; sourceTree = "<group>"; };
/* End PBXFileReference section */

/* Begin PBXFrameworksBuildPhase section */
		607FACCD1AFB9204008FA782 /* Frameworks */ = {
			isa = PBXFrameworksBuildPhase;
			buildActionMask = 2147483647;
			files = (
				13FF7DF427E3BF294FF43AD6 /* Pods_SwiftyComments_Example.framework in Frameworks */,
			);
			runOnlyForDeploymentPostprocessing = 0;
		};
/* End PBXFrameworksBuildPhase section */

/* Begin PBXGroup section */
		5FC832EE0F4620B3CA2D3C92 /* Pods */ = {
			isa = PBXGroup;
			children = (
				9B24187D6EE6E1D933C760BD /* Pods-SwiftyComments_Example.debug.xcconfig */,
				1CC498939563D62229064CAC /* Pods-SwiftyComments_Example.release.xcconfig */,
			);
			name = Pods;
			sourceTree = "<group>";
		};
		607FACC71AFB9204008FA782 = {
			isa = PBXGroup;
			children = (
				607FACF51AFB993E008FA782 /* Podspec Metadata */,
				607FACD21AFB9204008FA782 /* Examples */,
				607FACD11AFB9204008FA782 /* Products */,
				5FC832EE0F4620B3CA2D3C92 /* Pods */,
				95829DB670B6139D909661F5 /* Frameworks */,
			);
			sourceTree = "<group>";
		};
		607FACD11AFB9204008FA782 /* Products */ = {
			isa = PBXGroup;
			children = (
				607FACD01AFB9204008FA782 /* SwiftyComments_Example.app */,
			);
			name = Products;
			sourceTree = "<group>";
		};
		607FACD21AFB9204008FA782 /* Examples */ = {
			isa = PBXGroup;
			children = (
				607FACD51AFB9204008FA782 /* AppDelegate.swift */,
				979B787A1F8BA67200572186 /* Data */,
				979B786E1F8BA31300572186 /* DemosTableViewController.swift */,
				97CBFA171F8CC402008C79DC /* HN */,
				979B78841F8BAA1900572186 /* Imgur */,
				979B787F1F8BA96300572186 /* Reddit */,
				979B78751F8BA57500572186 /* Simple */,
				607FACD71AFB9204008FA782 /* ViewController.swift */,
				607FACDC1AFB9204008FA782 /* Images.xcassets */,
				607FACDE1AFB9204008FA782 /* LaunchScreen.xib */,
				607FACD31AFB9204008FA782 /* Supporting Files */,
			);
			name = Examples;
			path = SwiftyComments;
			sourceTree = "<group>";
		};
		607FACD31AFB9204008FA782 /* Supporting Files */ = {
			isa = PBXGroup;
			children = (
				607FACD41AFB9204008FA782 /* Info.plist */,
			);
			name = "Supporting Files";
			sourceTree = "<group>";
		};
		607FACF51AFB993E008FA782 /* Podspec Metadata */ = {
			isa = PBXGroup;
			children = (
				3AFAAE3085DB5675D4B28EB1 /* SwiftyComments.podspec */,
				F4032F0AF9031FC5F59A1DB8 /* README.md */,
				538BD62B34BBE6E18F325CCA /* LICENSE */,
			);
			name = "Podspec Metadata";
			sourceTree = "<group>";
		};
		95829DB670B6139D909661F5 /* Frameworks */ = {
			isa = PBXGroup;
			children = (
				E0307551E582C8EF4B6AE1FF /* Pods_SwiftyComments_Example.framework */,
			);
			name = Frameworks;
			sourceTree = "<group>";
		};
		979B78751F8BA57500572186 /* Simple */ = {
			isa = PBXGroup;
			children = (
				979B78711F8BA56F00572186 /* SimpleCommentsViewController.swift */,
				979B78721F8BA56F00572186 /* SimpleCommentCell.swift */,
			);
			name = Simple;
			sourceTree = "<group>";
		};
		979B787A1F8BA67200572186 /* Data */ = {
			isa = PBXGroup;
			children = (
				979B78781F8BA66F00572186 /* LoremSwiftum.swift */,
				979B78761F8BA66000572186 /* MockupData.swift */,
			);
			name = Data;
			sourceTree = "<group>";
		};
		979B787F1F8BA96300572186 /* Reddit */ = {
			isa = PBXGroup;
			children = (
				979B787C1F8BA95E00572186 /* RedditCommentCell.swift */,
				979B787B1F8BA95E00572186 /* RedditCommentsViewController.swift */,
			);
			name = Reddit;
			sourceTree = "<group>";
		};
		979B78841F8BAA1900572186 /* Imgur */ = {
			isa = PBXGroup;
			children = (
				979B78811F8BAA1200572186 /* ImgurCommentCell.swift */,
				979B78801F8BAA1200572186 /* ImgurCommentsViewController.swift */,
			);
			name = Imgur;
			sourceTree = "<group>";
		};
		97CBFA171F8CC402008C79DC /* HN */ = {
			isa = PBXGroup;
			children = (
				97CBFA181F8CC50B008C79DC /* HNCommentCell.swift */,
				97CBFA131F8CC3F5008C79DC /* HNCommentContentParser.swift */,
				97CBFA151F8CC3FC008C79DC /* HNCommentsViewController.swift */,
			);
			name = HN;
			sourceTree = "<group>";
		};
/* End PBXGroup section */

/* Begin PBXNativeTarget section */
		607FACCF1AFB9204008FA782 /* SwiftyComments_Example */ = {
			isa = PBXNativeTarget;
			buildConfigurationList = 607FACEF1AFB9204008FA782 /* Build configuration list for PBXNativeTarget "SwiftyComments_Example" */;
			buildPhases = (
				1101181193540AA1C6BE420A /* [CP] Check Pods Manifest.lock */,
				607FACCC1AFB9204008FA782 /* Sources */,
				607FACCD1AFB9204008FA782 /* Frameworks */,
				607FACCE1AFB9204008FA782 /* Resources */,
				1C7D96F1185F1D4EA5B9AE14 /* [CP] Embed Pods Frameworks */,
				ABEFACA7888426DC61276D9E /* [CP] Copy Pods Resources */,
			);
			buildRules = (
			);
			dependencies = (
			);
			name = SwiftyComments_Example;
			productName = SwiftyComments;
			productReference = 607FACD01AFB9204008FA782 /* SwiftyComments_Example.app */;
			productType = "com.apple.product-type.application";
		};
/* End PBXNativeTarget section */

/* Begin PBXProject section */
		607FACC81AFB9204008FA782 /* Project object */ = {
			isa = PBXProject;
			attributes = {
				LastSwiftUpdateCheck = 0830;
				LastUpgradeCheck = 1110;
				ORGANIZATIONNAME = CocoaPods;
				TargetAttributes = {
					607FACCF1AFB9204008FA782 = {
						CreatedOnToolsVersion = 6.3.1;
						DevelopmentTeam = 5P2WT92MAV;
						LastSwiftMigration = 0900;
					};
				};
			};
			buildConfigurationList = 607FACCB1AFB9204008FA782 /* Build configuration list for PBXProject "SwiftyComments" */;
			compatibilityVersion = "Xcode 3.2";
			developmentRegion = en;
			hasScannedForEncodings = 0;
			knownRegions = (
				en,
				Base,
			);
			mainGroup = 607FACC71AFB9204008FA782;
			productRefGroup = 607FACD11AFB9204008FA782 /* Products */;
			projectDirPath = "";
			projectRoot = "";
			targets = (
				607FACCF1AFB9204008FA782 /* SwiftyComments_Example */,
			);
		};
/* End PBXProject section */

/* Begin PBXResourcesBuildPhase section */
		607FACCE1AFB9204008FA782 /* Resources */ = {
			isa = PBXResourcesBuildPhase;
			buildActionMask = 2147483647;
			files = (
				607FACE01AFB9204008FA782 /* LaunchScreen.xib in Resources */,
				607FACDD1AFB9204008FA782 /* Images.xcassets in Resources */,
			);
			runOnlyForDeploymentPostprocessing = 0;
		};
/* End PBXResourcesBuildPhase section */

/* Begin PBXShellScriptBuildPhase section */
		1101181193540AA1C6BE420A /* [CP] Check Pods Manifest.lock */ = {
			isa = PBXShellScriptBuildPhase;
			buildActionMask = 2147483647;
			files = (
			);
			inputPaths = (
				"${PODS_PODFILE_DIR_PATH}/Podfile.lock",
				"${PODS_ROOT}/Manifest.lock",
			);
			name = "[CP] Check Pods Manifest.lock";
			outputPaths = (
				"$(DERIVED_FILE_DIR)/Pods-SwiftyComments_Example-checkManifestLockResult.txt",
			);
			runOnlyForDeploymentPostprocessing = 0;
			shellPath = /bin/sh;
			shellScript = "diff \"${PODS_PODFILE_DIR_PATH}/Podfile.lock\" \"${PODS_ROOT}/Manifest.lock\" > /dev/null\nif [ $? != 0 ] ; then\n    # print error to STDERR\n    echo \"error: The sandbox is not in sync with the Podfile.lock. Run 'pod install' or update your CocoaPods installation.\" >&2\n    exit 1\nfi\n# This output is used by Xcode 'outputs' to avoid re-running this script phase.\necho \"SUCCESS\" > \"${SCRIPT_OUTPUT_FILE_0}\"\n";
			showEnvVarsInLog = 0;
		};
		1C7D96F1185F1D4EA5B9AE14 /* [CP] Embed Pods Frameworks */ = {
			isa = PBXShellScriptBuildPhase;
			buildActionMask = 2147483647;
			files = (
			);
			inputPaths = (
				"${SRCROOT}/Pods/Target Support Files/Pods-SwiftyComments_Example/Pods-SwiftyComments_Example-frameworks.sh",
				"${BUILT_PRODUCTS_DIR}/SwiftScanner/SwiftScanner.framework",
				"${BUILT_PRODUCTS_DIR}/SwiftyComments/SwiftyComments.framework",
				"${BUILT_PRODUCTS_DIR}/SwipeCellKit/SwipeCellKit.framework",
			);
			name = "[CP] Embed Pods Frameworks";
			outputPaths = (
				"${TARGET_BUILD_DIR}/${FRAMEWORKS_FOLDER_PATH}/SwiftScanner.framework",
				"${TARGET_BUILD_DIR}/${FRAMEWORKS_FOLDER_PATH}/SwiftyComments.framework",
				"${TARGET_BUILD_DIR}/${FRAMEWORKS_FOLDER_PATH}/SwipeCellKit.framework",
			);
			runOnlyForDeploymentPostprocessing = 0;
			shellPath = /bin/sh;
			shellScript = "\"${SRCROOT}/Pods/Target Support Files/Pods-SwiftyComments_Example/Pods-SwiftyComments_Example-frameworks.sh\"\n";
			showEnvVarsInLog = 0;
		};
		ABEFACA7888426DC61276D9E /* [CP] Copy Pods Resources */ = {
			isa = PBXShellScriptBuildPhase;
			buildActionMask = 2147483647;
			files = (
			);
			inputPaths = (
			);
			name = "[CP] Copy Pods Resources";
			outputPaths = (
			);
			runOnlyForDeploymentPostprocessing = 0;
			shellPath = /bin/sh;
			shellScript = "\"${SRCROOT}/Pods/Target Support Files/Pods-SwiftyComments_Example/Pods-SwiftyComments_Example-resources.sh\"\n";
			showEnvVarsInLog = 0;
		};
/* End PBXShellScriptBuildPhase section */

/* Begin PBXSourcesBuildPhase section */
		607FACCC1AFB9204008FA782 /* Sources */ = {
			isa = PBXSourcesBuildPhase;
			buildActionMask = 2147483647;
			files = (
				979B78731F8BA56F00572186 /* SimpleCommentsViewController.swift in Sources */,
				97CBFA161F8CC3FC008C79DC /* HNCommentsViewController.swift in Sources */,
				979B787E1F8BA95E00572186 /* RedditCommentCell.swift in Sources */,
				979B78791F8BA66F00572186 /* LoremSwiftum.swift in Sources */,
				979B78821F8BAA1200572186 /* ImgurCommentsViewController.swift in Sources */,
				97CBFA191F8CC50B008C79DC /* HNCommentCell.swift in Sources */,
				979B786F1F8BA31300572186 /* DemosTableViewController.swift in Sources */,
				607FACD81AFB9204008FA782 /* ViewController.swift in Sources */,
				979B78741F8BA56F00572186 /* SimpleCommentCell.swift in Sources */,
				979B78771F8BA66000572186 /* MockupData.swift in Sources */,
				97CBFA141F8CC3F5008C79DC /* HNCommentContentParser.swift in Sources */,
				979B78831F8BAA1200572186 /* ImgurCommentCell.swift in Sources */,
				979B787D1F8BA95E00572186 /* RedditCommentsViewController.swift in Sources */,
				607FACD61AFB9204008FA782 /* AppDelegate.swift in Sources */,
			);
			runOnlyForDeploymentPostprocessing = 0;
		};
/* End PBXSourcesBuildPhase section */

/* Begin PBXVariantGroup section */
		607FACDE1AFB9204008FA782 /* LaunchScreen.xib */ = {
			isa = PBXVariantGroup;
			children = (
				607FACDF1AFB9204008FA782 /* Base */,
			);
			name = LaunchScreen.xib;
			sourceTree = "<group>";
		};
/* End PBXVariantGroup section */

/* Begin XCBuildConfiguration section */
		607FACED1AFB9204008FA782 /* Debug */ = {
			isa = XCBuildConfiguration;
			buildSettings = {
				ALWAYS_SEARCH_USER_PATHS = NO;
				CLANG_ANALYZER_LOCALIZABILITY_NONLOCALIZED = YES;
				CLANG_CXX_LANGUAGE_STANDARD = "gnu++0x";
				CLANG_CXX_LIBRARY = "libc++";
				CLANG_ENABLE_MODULES = YES;
				CLANG_ENABLE_OBJC_ARC = YES;
				CLANG_WARN_BLOCK_CAPTURE_AUTORELEASING = YES;
				CLANG_WARN_BOOL_CONVERSION = YES;
				CLANG_WARN_COMMA = YES;
				CLANG_WARN_CONSTANT_CONVERSION = YES;
				CLANG_WARN_DEPRECATED_OBJC_IMPLEMENTATIONS = YES;
				CLANG_WARN_DIRECT_OBJC_ISA_USAGE = YES_ERROR;
				CLANG_WARN_EMPTY_BODY = YES;
				CLANG_WARN_ENUM_CONVERSION = YES;
				CLANG_WARN_INFINITE_RECURSION = YES;
				CLANG_WARN_INT_CONVERSION = YES;
				CLANG_WARN_NON_LITERAL_NULL_CONVERSION = YES;
				CLANG_WARN_OBJC_IMPLICIT_RETAIN_SELF = YES;
				CLANG_WARN_OBJC_LITERAL_CONVERSION = YES;
				CLANG_WARN_OBJC_ROOT_CLASS = YES_ERROR;
				CLANG_WARN_RANGE_LOOP_ANALYSIS = YES;
				CLANG_WARN_STRICT_PROTOTYPES = YES;
				CLANG_WARN_SUSPICIOUS_MOVE = YES;
				CLANG_WARN_UNREACHABLE_CODE = YES;
				CLANG_WARN__DUPLICATE_METHOD_MATCH = YES;
				"CODE_SIGN_IDENTITY[sdk=iphoneos*]" = "iPhone Developer";
				COPY_PHASE_STRIP = NO;
				DEBUG_INFORMATION_FORMAT = "dwarf-with-dsym";
				ENABLE_STRICT_OBJC_MSGSEND = YES;
				ENABLE_TESTABILITY = YES;
				GCC_C_LANGUAGE_STANDARD = gnu99;
				GCC_DYNAMIC_NO_PIC = NO;
				GCC_NO_COMMON_BLOCKS = YES;
				GCC_OPTIMIZATION_LEVEL = 0;
				GCC_PREPROCESSOR_DEFINITIONS = (
					"DEBUG=1",
					"$(inherited)",
				);
				GCC_SYMBOLS_PRIVATE_EXTERN = NO;
				GCC_WARN_64_TO_32_BIT_CONVERSION = YES;
				GCC_WARN_ABOUT_RETURN_TYPE = YES_ERROR;
				GCC_WARN_UNDECLARED_SELECTOR = YES;
				GCC_WARN_UNINITIALIZED_AUTOS = YES_AGGRESSIVE;
				GCC_WARN_UNUSED_FUNCTION = YES;
				GCC_WARN_UNUSED_VARIABLE = YES;
				IPHONEOS_DEPLOYMENT_TARGET = 9.3;
				MTL_ENABLE_DEBUG_INFO = YES;
				ONLY_ACTIVE_ARCH = YES;
				SDKROOT = iphoneos;
				SWIFT_OPTIMIZATION_LEVEL = "-Onone";
			};
			name = Debug;
		};
		607FACEE1AFB9204008FA782 /* Release */ = {
			isa = XCBuildConfiguration;
			buildSettings = {
				ALWAYS_SEARCH_USER_PATHS = NO;
				CLANG_ANALYZER_LOCALIZABILITY_NONLOCALIZED = YES;
				CLANG_CXX_LANGUAGE_STANDARD = "gnu++0x";
				CLANG_CXX_LIBRARY = "libc++";
				CLANG_ENABLE_MODULES = YES;
				CLANG_ENABLE_OBJC_ARC = YES;
				CLANG_WARN_BLOCK_CAPTURE_AUTORELEASING = YES;
				CLANG_WARN_BOOL_CONVERSION = YES;
				CLANG_WARN_COMMA = YES;
				CLANG_WARN_CONSTANT_CONVERSION = YES;
				CLANG_WARN_DEPRECATED_OBJC_IMPLEMENTATIONS = YES;
				CLANG_WARN_DIRECT_OBJC_ISA_USAGE = YES_ERROR;
				CLANG_WARN_EMPTY_BODY = YES;
				CLANG_WARN_ENUM_CONVERSION = YES;
				CLANG_WARN_INFINITE_RECURSION = YES;
				CLANG_WARN_INT_CONVERSION = YES;
				CLANG_WARN_NON_LITERAL_NULL_CONVERSION = YES;
				CLANG_WARN_OBJC_IMPLICIT_RETAIN_SELF = YES;
				CLANG_WARN_OBJC_LITERAL_CONVERSION = YES;
				CLANG_WARN_OBJC_ROOT_CLASS = YES_ERROR;
				CLANG_WARN_RANGE_LOOP_ANALYSIS = YES;
				CLANG_WARN_STRICT_PROTOTYPES = YES;
				CLANG_WARN_SUSPICIOUS_MOVE = YES;
				CLANG_WARN_UNREACHABLE_CODE = YES;
				CLANG_WARN__DUPLICATE_METHOD_MATCH = YES;
				"CODE_SIGN_IDENTITY[sdk=iphoneos*]" = "iPhone Developer";
				COPY_PHASE_STRIP = NO;
				DEBUG_INFORMATION_FORMAT = "dwarf-with-dsym";
				ENABLE_NS_ASSERTIONS = NO;
				ENABLE_STRICT_OBJC_MSGSEND = YES;
				GCC_C_LANGUAGE_STANDARD = gnu99;
				GCC_NO_COMMON_BLOCKS = YES;
				GCC_WARN_64_TO_32_BIT_CONVERSION = YES;
				GCC_WARN_ABOUT_RETURN_TYPE = YES_ERROR;
				GCC_WARN_UNDECLARED_SELECTOR = YES;
				GCC_WARN_UNINITIALIZED_AUTOS = YES_AGGRESSIVE;
				GCC_WARN_UNUSED_FUNCTION = YES;
				GCC_WARN_UNUSED_VARIABLE = YES;
				IPHONEOS_DEPLOYMENT_TARGET = 9.3;
				MTL_ENABLE_DEBUG_INFO = NO;
				SDKROOT = iphoneos;
				SWIFT_OPTIMIZATION_LEVEL = "-Owholemodule";
				VALIDATE_PRODUCT = YES;
			};
			name = Release;
		};
		607FACF01AFB9204008FA782 /* Debug */ = {
			isa = XCBuildConfiguration;
			baseConfigurationReference = 9B24187D6EE6E1D933C760BD /* Pods-SwiftyComments_Example.debug.xcconfig */;
			buildSettings = {
				ASSETCATALOG_COMPILER_APPICON_NAME = AppIcon;
				DEVELOPMENT_TEAM = 5P2WT92MAV;
				INFOPLIST_FILE = SwiftyComments/Info.plist;
				LD_RUNPATH_SEARCH_PATHS = "$(inherited) @executable_path/Frameworks";
				MODULE_NAME = ExampleApp;
				PRODUCT_BUNDLE_IDENTIFIER = "org.cocoapods.demo.$(PRODUCT_NAME:rfc1034identifier)";
				PRODUCT_NAME = "$(TARGET_NAME)";
				SWIFT_SWIFT3_OBJC_INFERENCE = Default;
				SWIFT_VERSION = 4.0;
			};
			name = Debug;
		};
		607FACF11AFB9204008FA782 /* Release */ = {
			isa = XCBuildConfiguration;
			baseConfigurationReference = 1CC498939563D62229064CAC /* Pods-SwiftyComments_Example.release.xcconfig */;
			buildSettings = {
				ASSETCATALOG_COMPILER_APPICON_NAME = AppIcon;
				DEVELOPMENT_TEAM = 5P2WT92MAV;
				INFOPLIST_FILE = SwiftyComments/Info.plist;
				LD_RUNPATH_SEARCH_PATHS = "$(inherited) @executable_path/Frameworks";
				MODULE_NAME = ExampleApp;
				PRODUCT_BUNDLE_IDENTIFIER = "org.cocoapods.demo.$(PRODUCT_NAME:rfc1034identifier)";
				PRODUCT_NAME = "$(TARGET_NAME)";
				SWIFT_SWIFT3_OBJC_INFERENCE = Default;
				SWIFT_VERSION = 4.0;
			};
			name = Release;
		};
/* End XCBuildConfiguration section */

/* Begin XCConfigurationList section */
		607FACCB1AFB9204008FA782 /* Build configuration list for PBXProject "SwiftyComments" */ = {
			isa = XCConfigurationList;
			buildConfigurations = (
				607FACED1AFB9204008FA782 /* Debug */,
				607FACEE1AFB9204008FA782 /* Release */,
			);
			defaultConfigurationIsVisible = 0;
			defaultConfigurationName = Release;
		};
		607FACEF1AFB9204008FA782 /* Build configuration list for PBXNativeTarget "SwiftyComments_Example" */ = {
			isa = XCConfigurationList;
			buildConfigurations = (
				607FACF01AFB9204008FA782 /* Debug */,
				607FACF11AFB9204008FA782 /* Release */,
			);
			defaultConfigurationIsVisible = 0;
			defaultConfigurationName = Release;
		};
/* End XCConfigurationList section */
	};
	rootObject = 607FACC81AFB9204008FA782 /* Project object */;
}
